
Microsoft Visual Studio Solution File, Format Version 12.00
# Visual Studio Version 16
VisualStudioVersion = 16.0.29230.61
MinimumVisualStudioVersion = 10.0.40219.1
Project("{FAE04EC0-301F-11D3-BF4B-00C04F79EFBC}") = "Lib.AspNetCore.Mvc.Ndjson", "Lib.AspNetCore.Mvc.Ndjson\Lib.AspNetCore.Mvc.Ndjson.csproj", "{FEDEC05C-468C-4356-8D95-7FE0E7DCB609}"
EndProject
Global
	GlobalSection(SolutionConfigurationPlatforms) = preSolution
		Debug|Any CPU = Debug|Any CPU
		Release|Any CPU = Release|Any CPU
	EndGlobalSection
	GlobalSection(ProjectConfigurationPlatforms) = postSolution
		{FEDEC05C-468C-4356-8D95-7FE0E7DCB609}.Debug|Any CPU.ActiveCfg = Debug|Any CPU
		{FEDEC05C-468C-4356-8D95-7FE0E7DCB609}.Debug|Any CPU.Build.0 = Debug|Any CPU
		{FEDEC05C-468C-4356-8D95-7FE0E7DCB609}.Release|Any CPU.ActiveCfg = Release|Any CPU
		{FEDEC05C-468C-4356-8D95-7FE0E7DCB609}.Release|Any CPU.Build.0 = Release|Any CPU
	EndGlobalSection
	GlobalSection(SolutionProperties) = preSolution
		HideSolutionNode = FALSE
	EndGlobalSection
	GlobalSection(ExtensibilityGlobals) = postSolution
		SolutionGuid = {1B6D91A4-9DBA-4596-A151-34B9AB0BA90F}
	EndGlobalSection
EndGlobal
